# THIS IS AN AUTOGENERATED FILE. DO NOT EDIT THIS FILE DIRECTLY.
assets/FontAwesome.otf:
  development: 2016-09-25T11:52:04+01:00   5dc41d8fe329a22fa1ee9225571c843e
assets/ajax-cart.js.liquid:
  development: 2017-04-23T09:37:26+01:00   5089d437026dde38c1918ea91324d35a
assets/bar_1.png:
  development: 2016-09-25T16:08:21+01:00   623bf9ce2a02cd2c1f6941a1ac5cd6df
assets/card_1.png:
  development: 2016-09-24T22:36:08+01:00   828a7c2b27470a754a9a7b8c0f2430b0
assets/card_2.png:
  development: 2016-09-24T22:36:08+01:00   27489c308af7800e88c967c93bb3a96c
assets/card_3.png:
  development: 2016-09-24T22:36:09+01:00   44d31914c276ff9e12a8c2b9a8eb703e
assets/caret-down.svg:
  development: 2017-04-20T22:19:21+01:00   9bc733f949a5ea1cda0fd48b814b0012
assets/caret-left.svg:
  development: 2017-04-20T22:19:20+01:00   64b41a756d070c9c9cf79c9876ba77e0
assets/caret-right.svg:
  development: 2017-04-20T22:19:18+01:00   6dd5f6af1fb549812421482d74b518b9
assets/caret-up.svg:
  development: 2017-04-20T22:19:19+01:00   7c39b88ac6135258eea9e6da04a6a2f8
assets/cutlery.svg:
  development: 2017-04-20T22:19:20+01:00   4314430370d8a4fdf5fc008597f98f94
assets/delivery_image.png:
  development: 2016-12-06T21:25:38+00:00   dfac4e5ed6f8331f18979cc1d5dc4bc7
assets/fastclick.min.js:
  development: 2016-09-16T22:37:39+01:00   4c68290ccc4d503561895dff0821621f
assets/favicon.png:
  development: 2016-12-03T16:51:26+00:00   c91210dbf14707934616a90312ea37a6
assets/fb_card_1.png:
  development: 2017-04-02T20:16:54+01:00   27489c308af7800e88c967c93bb3a96c
assets/fb_card_2.png:
  development: 2017-04-02T20:16:54+01:00   691335ad34574fe95d9f09b95df15e47
assets/fb_card_3.png:
  development: 2017-04-02T20:16:54+01:00   b7942def2939821114be8f990918523d
assets/fontawesome-webfont.eot:
  development: 2016-09-25T11:52:00+01:00   25a32416abee198dd821b0b17a198a8f
assets/fontawesome-webfont.svg:
  development: 2016-09-25T11:52:01+01:00   d7c639084f684d66a1bc66855d193ed8
assets/fontawesome-webfont.ttf:
  development: 2016-09-25T11:52:02+01:00   1dc35d25e61d819a9c357074014867ab
assets/fontawesome-webfont.woff:
  development: 2016-09-25T11:52:03+01:00   c8ddf1e5e5bf3682bc7bebf30f394148
assets/fontawesome-webfont.woff2:
  development: 2016-09-25T11:52:03+01:00   e6cf7c6ec7c2d6f670ae9d762604cb0b
assets/gift-card.scss.liquid:
  development: 2016-09-16T22:37:39+01:00   c4d99d6414af35760c5112b609962e87
assets/handlebars.min.js:
  development: 2016-09-16T22:37:39+01:00   b3c11508a224ee83f86e2fc6491e9751
assets/hero.png:
  development: 2017-09-07T17:56:18+01:00   87b76b445dda8df799b7f6f21da3c2b5
assets/ico-select.svg.liquid:
  development: 2016-09-16T22:37:39+01:00   9c9cc5a57cc74a0a64c2f62b1370a920
assets/icons.eot:
  development: 2016-09-16T22:37:39+01:00   6499aa740322bffbb6e26ebadf450c4a
assets/icons.json:
  development: 2016-12-05T22:29:06+00:00   6f9018585c3e215e29cef8e390091787
assets/icons.svg:
  development: 2016-09-16T22:37:39+01:00   1f568afd815839eae6eb796a52a497a6
assets/icons.ttf:
  development: 2016-09-16T22:37:39+01:00   0678272006d7b08a523ae6973a72d181
assets/icons.woff:
  development: 2016-09-16T22:37:40+01:00   6d64bee3b4d239a6cf6af98045a95954
assets/kitchen_image.png:
  development: 2016-12-06T21:25:38+00:00   70c8a5a790f54747de37b610b318f150
assets/landing_image.png:
  development: 2017-03-08T10:41:39+00:00   068fef135b076d7792338c768db286a3
assets/logo.png:
  development: 2016-09-25T15:23:18+01:00   bbd06d11dc198218ae24142afb3589aa
assets/modernizr.min.js:
  development: 2016-09-16T22:37:40+01:00   dc21cffad945a84cbbe770d52b1a0ded
assets/old--timber.js.liquid:
  development: 2017-05-17T21:22:35+01:00   8663e17d15e94386b5d6fb7c3e44b0bf
assets/order.svg:
  development: 2017-04-20T22:19:46+01:00   48bddccd7a35505c9897b6248ace6aed
assets/password.scss.liquid:
  development: 2017-04-22T10:39:50+01:00   05191dec37762782a5f71360d1e50f71
assets/respond-proxy.html:
  development: 2016-09-16T22:37:40+01:00   75002d74a330bff6bf069284da503b4c
assets/respond.min.js:
  development: 2016-09-16T22:37:40+01:00   a2684e9b8fa50d6d11c56a9ada068528
assets/sb_card_1.png:
  development: 2017-01-01T13:15:36+00:00   57aa17a278f47db72f8cb54feabd379f
assets/sb_card_2.png:
  development: 2017-01-01T13:15:36+00:00   394f0eb123bf3c3f067e72118a2b8af4
assets/sb_card_3.png:
  development: 2017-01-22T20:34:36+00:00   aa6ce2a29f509a4ee78484ece5c080a9
assets/scripts.min.js:
  development: 2017-09-07T19:44:35+01:00   a645ad9b2cb4ddccd9f627fa554f852c
assets/secondary_logo.png:
  development: 2016-09-25T15:20:02+01:00   ec43e0d7fa8850945c32593636b86b3e
assets/style.min.css:
  development: 2017-09-07T19:44:35+01:00   646700c0af84554137056081673d6463
assets/style.unprefixed.css:
  development: 2017-09-07T19:44:36+01:00   117225461943196516826331ce9fd281
assets/style.unprefixed.css.map:
  development: 2017-09-07T19:44:27+01:00   33e67025b3499c71af637786bce0e1b8
assets/supplier_1.png:
  development: 2017-02-01T08:35:57+00:00   a9801942f0e4e4179c3a4d329353715d
assets/supplier_2.png:
  development: 2017-02-01T08:35:57+00:00   b7bdc61c1ff7e24517d53c5b5100f065
assets/supplier_3.png:
  development: 2017-01-06T21:32:38+00:00   bcdd325edd68a6b22da95e1c31de6421
assets/supplier_4.png:
  development: 2016-10-31T11:57:16+00:00   4624c9ee362607808ee5264200becb51
assets/tb_card_1.png:
  development: 2016-09-24T23:47:45+01:00   2b22f8e773cba3d7a604c7312917fc8f
assets/tb_card_2.png:
  development: 2016-09-24T23:47:45+01:00   2b22f8e773cba3d7a604c7312917fc8f
assets/tb_card_3.png:
  development: 2016-09-24T23:47:46+01:00   2b22f8e773cba3d7a604c7312917fc8f
assets/team-member-1.png:
  development: 2016-09-25T13:51:45+01:00   bee62eb2f33a969bed7ae5f35f1257be
assets/team-member-2.png:
  development: 2016-09-25T13:51:45+01:00   44a2d04df804332a5690ac4259a3dca5
assets/team-member-3.png:
  development: 2016-09-25T13:51:46+01:00   3e539641800576a46be4488575e19e59
assets/team_member_1.png:
  development: 2016-09-25T16:30:06+01:00   e63a21d63ac2f5bfbe7f5134a2caf0e1
assets/team_member_2.png:
  development: 2016-09-25T17:10:51+01:00   de632be2a61d15e8daee8aabec23e067
assets/team_member_3.png:
  development: 2016-09-29T12:23:34+01:00   84b73e5344d28a88961e4a5143c8cbd0
assets/team_member_4.png:
  development: 2016-10-02T19:54:07+01:00   a694fcf762d95384666207f3ae736f15
assets/team_member_5.png:
  development: 2016-10-08T23:53:56+01:00   a2589eb3ff00acdfc0b0dc655b617790
assets/team_member_6.png:
  development: 2016-10-02T19:54:08+01:00   ed45c69296c276361052e41c697ec053
assets/timber.js.liquid:
  development: 2017-09-10T14:32:48+01:00   f9344d5584f3632ccde933ff0cc37f3b
assets/timber.scss.liquid:
  development: 2017-06-05T21:03:52+01:00   f9865f77a3159c2f7739ac2ed54e13a1
assets/tree.svg:
  development: 2017-04-20T22:19:55+01:00   e243779b1c9c3d3a4634e142054dfa5c
config/settings_data.json:
  development: 2017-09-18T08:06:10+01:00   bba90747189fbf05166803c3a9b9ade2
config/settings_schema.json:
  development: 2017-09-07T22:10:16+01:00   3270bdfd4238b7432f868c7354c91d35
layout/password.liquid:
  development: 2016-09-17T16:23:26+01:00   a3b549b86f3c0200283a7d22191961b0
layout/theme-old.liquid:
  development: 2016-09-24T15:05:14+01:00   bb94342ee8e47dea2a49764bd4a66b39
layout/theme.liquid:
  development: 2017-09-11T10:22:13+01:00   6d04b23b80624a0c185a720c56957b14
layout/theme.password.liquid:
  development: 2017-04-20T22:19:50+01:00   8a81101676566024469643fe0ce94470
locales/de.json:
  development: 2016-12-05T22:29:29+00:00   585899bd4424d43afa93b72083a5aa0e
locales/en.default.json:
  development: 2017-06-04T22:04:54+01:00   ff150287223433b064d37894cc134a8d
locales/es.json:
  development: 2016-12-05T22:29:30+00:00   e1095d0bd282d98ace9c18e5973bb6bf
locales/fr.json:
  development: 2016-12-05T22:29:31+00:00   95311e190dd74a4665d004f60dda8ad2
locales/pt-BR.json:
  development: 2016-12-05T22:29:32+00:00   3bc832b43077ef1681f2fe4be3eda8c9
locales/pt-PT.json:
  development: 2016-12-05T22:29:33+00:00   6ddf443592f389ff55aa739569736f47
snippets/ajax-cart-template.liquid:
  development: 2017-09-10T22:37:02+01:00   7d5acdabebf35633fcbb23ed8d076c9e
snippets/background.liquid:
  development: 2017-09-07T19:44:23+01:00
snippets/blog-sidebar.liquid:
  development: 2016-09-16T22:37:40+01:00   ae3891e372509ded7074e50b2a97f438
snippets/breadcrumb.liquid:
  development: 2016-09-16T22:37:40+01:00   7bf89ebc6f2f46288fa59aa305a42514
snippets/catering-collection.liquid:
  development: 2016-12-05T22:31:58+00:00   b25d81b4ba1c3e279fa58a5aade16b43
snippets/catering-item-menu.liquid:
  development: 2016-12-05T22:31:58+00:00   55f3dea7ddbdd1beb9b84c430d882e17
snippets/collection-sidebar.liquid:
  development: 2016-09-16T22:37:40+01:00   b53274904cf2b47ce2fb4c3e6d632bb3
snippets/collection-sorting.liquid:
  development: 2016-09-16T22:37:40+01:00   d369d2d4697110800946220909e8ecf8
snippets/comment.liquid:
  development: 2016-09-16T22:37:40+01:00   c766e42be8a74e05533d0e5a0e3a9ce3
snippets/customer.liquid:
  development: 2017-06-04T21:18:39+01:00   d7b4bc9c4ba0973b7b5f8fde09571f90
snippets/home-page.liquid:
  development: 2017-06-24T16:59:46+01:00   8f6b649e983a94d926fb89e1e3f0c016
snippets/location.liquid:
  development: 2017-09-07T22:40:04+01:00   4ce7e7e4fa084bb1145e0d847918cd3d
snippets/menu-block-1.liquid:
  development: 2017-04-20T22:19:27+01:00   33989c76e328f3fbc31555545fe062fa
snippets/menu-block.liquid:
  development: 2017-06-05T21:03:27+01:00   04fbe7c3cc3db7509fa1f264c97a45a0
snippets/oldIE-js.liquid:
  development: 2016-09-16T22:37:40+01:00   1197cc7109944206a600ed5caaef6a6f
snippets/onboarding-empty-collection.liquid:
  development: 2016-09-16T22:37:40+01:00   b25d81b4ba1c3e279fa58a5aade16b43
snippets/onboarding-featured-collections.liquid:
  development: 2016-09-25T11:11:06+01:00   63d3e42eb5e78f32bdd7d7bb96c2aa81
snippets/onboarding-featured-products.liquid:
  development: 2016-09-16T22:37:41+01:00   6a32fc5786e0f1dc98a1f75897fca8b3
snippets/product-grid-item-daily.liquid:
  development: 2017-04-20T22:19:30+01:00   5c056a854988fba46c535845cd5aeba1
snippets/product-grid-item-menu.liquid:
  development: 2016-10-23T17:28:09+01:00   98510c236298b9ed3f126f13a04e9af4
snippets/product-grid-item-tall.liquid:
  development: 2017-04-20T22:19:31+01:00   1f89ea0b66004fbfceb24faa307763da
snippets/product-grid-item.liquid:
  development: 2017-09-07T19:43:54+01:00   c9495a1acc47e5e09a99bae22b61744e
snippets/respond.liquid:
  development: 2016-09-16T22:37:41+01:00   ca6abf0635dc2ad8c6bd377f83c79f6b
snippets/search-bar.liquid:
  development: 2016-09-16T22:37:41+01:00   733af687725a8174f1348c58f0d5a3e4
snippets/social-meta-tags.liquid:
  development: 2016-09-16T22:37:41+01:00   e7c97d7cb76c7925dd144dfb7b188cac
snippets/spurit_po-cart-snippet.liquid:
  development: 2016-11-05T14:01:48+00:00   b6da58710d4fe211bebe9dbd9a933270
snippets/spurit_po-collection-list-snippet.liquid:
  development: 2016-11-05T14:01:49+00:00   69424fdbec5ec7f46ec137e51b885ac1
snippets/spurit_po-collection-snippet.liquid:
  development: 2016-11-05T14:01:48+00:00   135554e89e58308bdca6246c94918c48
snippets/spurit_po-product-snippet.liquid:
  development: 2016-11-05T14:01:48+00:00   9a7098e70f0f824e56e7c8421cdd1d67
snippets/suppliers.liquid:
  development: 2017-06-11T17:44:44+01:00   749a770b1dc21441b23ff8d36c0432e2
snippets/supploers.liquid:
  development: 2017-06-11T17:30:03+01:00   e4d262d0d70e409588568ac1892efac5
snippets/sweettooth-initializer.liquid:
  development: 2017-09-11T10:22:10+01:00   3d60f5245d672922e7c261e3c31a1c14
snippets/sweettooth-tab-widget.liquid:
  development: 2017-09-11T10:22:12+01:00   c334e0ce32bf52df0ccdce3a9460e166
snippets/tags-article.liquid:
  development: 2016-09-16T22:37:41+01:00   52bc59a44a51be2f1745559c2ba514a2
snippets/testimonials.liquid:
  development: 2017-06-11T17:29:10+01:00   e4d262d0d70e409588568ac1892efac5
templates/404.liquid:
  development: 2017-04-20T22:19:35+01:00   44a6b0129de575e7085a047bc2096a76
templates/article.liquid:
  development: 2016-12-05T22:32:12+00:00   ff67120cd7978f6390cdb79827f34d02
templates/blog.liquid:
  development: 2017-04-20T22:19:36+01:00   2d2ff4bd1bf2ef7ce2b889d6a95c6f74
templates/cart-without-spurit_po.liquid:
  development: 2017-01-08T11:41:58+00:00   d11cc2fb75407e644e4c56b1b81b91a4
templates/cart.liquid:
  development: 2017-09-10T22:36:29+01:00   138aa08af179ad5046a1ca5a749405a5
templates/collection-without-spurit_po.liquid:
  development: 2016-11-05T14:01:50+00:00   24d54a143f7f2f110857c02b605327a5
templates/collection.catering.liquid:
  development: 2016-12-05T22:32:14+00:00   b29e42b25dc5b0fe5950ce66bd2490a9
templates/collection.liquid:
  development: 2017-04-20T22:19:43+01:00   9aa9d83b60cbb0b963d02b9aff96ef69
templates/collection.list.liquid:
  development: 2016-09-16T22:37:41+01:00   a1f281a34a1926f2c6d010dbbdeee210
templates/collection.lunch-club.liquid:
  development: 2016-10-04T20:14:21+01:00   e7e8b1414d75434622cdbaba735612ad
templates/collection.todays-menu.liquid:
  development: 2016-10-04T20:41:18+01:00   4c4c8e56dd7741be713706767487a722
templates/collection.todays.liquid:
  development: 2017-05-14T22:50:01+01:00   a131aece6838f27ecd9a599e5af7031e
templates/customers/account.liquid:
  development: 2017-04-23T10:42:45+01:00   beae6ef87a0f1499d07ef97b6a1fb2fa
templates/customers/activate_account.liquid:
  development: 2017-04-20T22:19:44+01:00   d92bfce42f05a75de2f61cb6ba433e69
templates/customers/addresses.liquid:
  development: 2017-04-20T22:19:47+01:00   998f4a7deb6a33d014cbc3f0075b8050
templates/customers/login.liquid:
  development: 2017-04-20T22:19:52+01:00   e292c0a273f17c7835d558e1b61149cf
templates/customers/order.liquid:
  development: 2017-04-20T22:19:57+01:00   e3ec01e9286bf4daa7b5a3a7bbe8479c
templates/customers/register.liquid:
  development: 2017-09-07T19:43:55+01:00   5194d67fa6ee5aae402e4836f11aeef2
templates/customers/reset_password.liquid:
  development: 2017-04-20T22:20:00+01:00   66ba7b680ca26b2eba0f162d4122d94c
templates/gift_card.liquid:
  development: 2017-04-20T22:20:01+01:00   c1ae0f8232e003fac57213d1353e513c
templates/index.liquid:
  development: 2017-06-04T21:18:40+01:00   b0be4310cee800d82d7efcc000f183f0
templates/list-collections.liquid:
  development: 2016-09-16T22:37:41+01:00   380da281c4820602d95334029b03aa84
templates/page.about.liquid:
  development: 2017-07-11T21:54:33+01:00   ed87442f1da9497af29a4decd3ffbdd2
templates/page.catering.liquid:
  development: 2017-04-20T22:19:41+01:00   694dc94dad07cd15ac0fbe4eaba89dff
templates/page.contact.liquid:
  development: 2017-04-20T22:19:43+01:00   206e01b0f8cd9603d4f245c69887f2e8
templates/page.dev.liquid:
  development: 2017-04-20T22:19:45+01:00   57a28f806aeb956d829b0c9565c339a2
templates/page.join.liquid:
  development: 2017-04-20T22:19:47+01:00   2745b3ec3a1a637fe944b33201336245
templates/page.liquid:
  development: 2017-04-20T22:19:51+01:00   997fc66b44d96851cbf0a1711d1e1064
templates/password.liquid:
  development: 2017-04-22T11:18:14+01:00   12ad30cd2f5eebbd997c2d1d47d82d90
templates/product-without-spurit_po.liquid:
  development: 2016-11-05T14:01:49+00:00   0c01a456554f2af86118e6931a1b6170
templates/product.liquid:
  development: 2017-04-22T16:44:39+01:00   faf723f0e6ced51ac2208af5387c8c2b
templates/search.liquid:
  development: 2016-09-16T22:37:41+01:00   3926b96d4d14c2cd8409e56f7cc6d6e0
